{
  "requires": true,
  "lockfileVersion": 1,
  "dependencies": {
    "intro.js": {
      "version": "3.2.1",
      "resolved": "https://registry.npmjs.org/intro.js/-/intro.js-3.2.1.tgz",
      "integrity": "sha512-empgAlW/vlIEAZWw19rLMR+1J75sw6bvjqrQd9fhgXJnV/ds0bzASil3k5fCWSJeVBKXFbLlWJ3nvtimDmTIFw=="
    },
    "jquery-appear-original": {
      "version": "0.6.2",
      "resolved": "https://registry.npmjs.org/jquery-appear-original/-/jquery-appear-original-0.6.2.tgz",
      "integrity": "sha512-PxvsyDld5SthfNwL19vh4aga/2hYCK/zH90l1/aYxFAD6IyG53Y1kHt5hjaT1Ch3u6ztdHWx93olsjNXSN0gEw=="
    },
    "urlparse": {
      "version": "0.0.1",
      "resolved": "https://registry.npmjs.org/urlparse/-/urlparse-0.0.1.tgz",
      "integrity": "sha1-0XHsRoH80Ni9ALZDRWN9ialwCHY="
    }
  }
}
